
Microsoft Visual Studio Solution File, Format Version 12.00
# Visual Studio Version 16
VisualStudioVersion = 16.0.32126.315
MinimumVisualStudioVersion = 10.0.40219.1
Project("{FAE04EC0-301F-11D3-BF4B-00C04F79EFBC}") = "tema5_rlp2122", "tema5_rlp2122\tema5_rlp2122.csproj", "{185D4A34-80E8-47E8-B57B-691B060E669D}"
EndProject
Global
	GlobalSection(SolutionConfigurationPlatforms) = preSolution
		Debug|Any CPU = Debug|Any CPU
		Release|Any CPU = Release|Any CPU
	EndGlobalSection
	GlobalSection(ProjectConfigurationPlatforms) = postSolution
		{185D4A34-80E8-47E8-B57B-691B060E669D}.Debug|Any CPU.ActiveCfg = Debug|Any CPU
		{185D4A34-80E8-47E8-B57B-691B060E669D}.Debug|Any CPU.Build.0 = Debug|Any CPU
		{185D4A34-80E8-47E8-B57B-691B060E669D}.Release|Any CPU.ActiveCfg = Release|Any CPU
		{185D4A34-80E8-47E8-B57B-691B060E669D}.Release|Any CPU.Build.0 = Release|Any CPU
	EndGlobalSection
	GlobalSection(SolutionProperties) = preSolution
		HideSolutionNode = FALSE
	EndGlobalSection
	GlobalSection(ExtensibilityGlobals) = postSolution
		SolutionGuid = {B269D44B-D5F5-4ACB-BA23-E519E298A0D7}
	EndGlobalSection
EndGlobal
